{
  "name": "pyproc",
  "version": "0.0.10",
  "lockfileVersion": 3,
  "requires": true,
  "packages": {
    "": {
      "name": "pyproc",
      "version": "0.0.10",
      "license": "MPL-2.0",
      "bin": {
        "pyproc-assets": "scripts/assetManifest.mjs"
      }
    },
    "packages/browser": {
      "name": "@web-machine/browser",
      "version": "0.0.0",
      "extraneous": true,
      "license": "MPL-2.0",
      "dependencies": {
        "@web-machine/core": "0.0.0"
      }
    },
    "packages/core": {
      "name": "@web-machine/core",
      "version": "0.0.0",
      "extraneous": true,
      "license": "MPL-2.0"
    },
    "packages/guest-pyproc": {
      "name": "@web-machine/guest-pyproc",
      "version": "0.0.0",
      "extraneous": true,
      "license": "MPL-2.0",
      "peerDependencies": {
        "@web-machine/core": "0.0.0"
      }
    },
    "packages/guest-v86": {
      "name": "@web-machine/guest-v86",
      "version": "0.0.0",
      "extraneous": true,
      "license": "MPL-2.0",
      "peerDependencies": {
        "@web-machine/core": "0.0.0"
      }
    }
  }
}
