{
  "name": "pyproc",
  "version": "0.0.16",
  "lockfileVersion": 3,
  "requires": true,
  "packages": {
    "": {
      "name": "pyproc",
      "version": "0.0.16",
      "license": "MPL-2.0",
      "devDependencies": {
        "typescript": "5.9.3"
      },
      "bin": {
        "pyproc-assets": "scripts/assetManifest.mjs",
        "pyproc-control": "scripts/pyprocControl.mjs",
        "pyproc-engine": "scripts/fetchEngine.mjs",
        "pyproc-mcp": "scripts/pyprocMcp.mjs"
      }
    },
    "packages/browser": {
      "name": "@web-machine/browser",
      "version": "0.0.0",
      "extraneous": true,
      "license": "MPL-2.0",
      "dependencies": {
        "@web-machine/core": "0.0.0"
      }
    },
    "packages/core": {
      "name": "@web-machine/core",
      "version": "0.0.0",
      "extraneous": true,
      "license": "MPL-2.0"
    },
    "packages/guest-pyproc": {
      "name": "@web-machine/guest-pyproc",
      "version": "0.0.0",
      "extraneous": true,
      "license": "MPL-2.0",
      "peerDependencies": {
        "@web-machine/core": "0.0.0"
      }
    },
    "packages/guest-v86": {
      "name": "@web-machine/guest-v86",
      "version": "0.0.0",
      "extraneous": true,
      "license": "MPL-2.0",
      "peerDependencies": {
        "@web-machine/core": "0.0.0"
      }
    },
    "node_modules/typescript": {
      "version": "5.9.3",
      "resolved": "https://registry.npmjs.org/typescript/-/typescript-5.9.3.tgz",
      "integrity": "sha512-jl1vZzPDinLr9eUt3J/t7V6FgNEw9QjvBPdysz9KfQDD41fQrC2Y4vKQdiaUpFT4bXlb1RHhLpp8wtm6M5TgSw==",
      "dev": true,
      "license": "Apache-2.0",
      "bin": {
        "tsc": "bin/tsc",
        "tsserver": "bin/tsserver"
      },
      "engines": {
        "node": ">=14.17"
      }
    }
  }
}
